
Microsoft Visual Studio Solution File, Format Version 12.00
# Visual Studio Version 16
VisualStudioVersion = 16.0.31424.327
MinimumVisualStudioVersion = 10.0.40219.1
Project("{9A19103F-16F7-4668-BE54-9A1E7A4F7556}") = "FluentEnglish", "FluentEnglish\FluentEnglish.csproj", "{F293BA05-FCDE-4F41-B26D-9CC6B660F91B}"
EndProject
Project("{9A19103F-16F7-4668-BE54-9A1E7A4F7556}") = "FluentEnglish.Tests", "FluentEnglish.Tests\FluentEnglish.Tests.csproj", "{C6FC2680-5F7B-4970-80E6-554F7FB0EB9E}"
EndProject
Global
	GlobalSection(SolutionConfigurationPlatforms) = preSolution
		Debug|Any CPU = Debug|Any CPU
		Release|Any CPU = Release|Any CPU
	EndGlobalSection
	GlobalSection(ProjectConfigurationPlatforms) = postSolution
		{F293BA05-FCDE-4F41-B26D-9CC6B660F91B}.Debug|Any CPU.ActiveCfg = Debug|Any CPU
		{F293BA05-FCDE-4F41-B26D-9CC6B660F91B}.Debug|Any CPU.Build.0 = Debug|Any CPU
		{F293BA05-FCDE-4F41-B26D-9CC6B660F91B}.Release|Any CPU.ActiveCfg = Release|Any CPU
		{F293BA05-FCDE-4F41-B26D-9CC6B660F91B}.Release|Any CPU.Build.0 = Release|Any CPU
		{C6FC2680-5F7B-4970-80E6-554F7FB0EB9E}.Debug|Any CPU.ActiveCfg = Debug|Any CPU
		{C6FC2680-5F7B-4970-80E6-554F7FB0EB9E}.Debug|Any CPU.Build.0 = Debug|Any CPU
		{C6FC2680-5F7B-4970-80E6-554F7FB0EB9E}.Release|Any CPU.ActiveCfg = Release|Any CPU
		{C6FC2680-5F7B-4970-80E6-554F7FB0EB9E}.Release|Any CPU.Build.0 = Release|Any CPU
	EndGlobalSection
	GlobalSection(SolutionProperties) = preSolution
		HideSolutionNode = FALSE
	EndGlobalSection
	GlobalSection(ExtensibilityGlobals) = postSolution
		VisualSVNWorkingCopyRoot = .
		SolutionGuid = {DF7A51FD-77B8-469C-A957-72EE353687B4}
	EndGlobalSection
EndGlobal
